
Microsoft Visual Studio Solution File, Format Version 12.00
# Visual Studio Version 17
VisualStudioVersion = 17.13.35919.96 d17.13
MinimumVisualStudioVersion = 10.0.40219.1
Project("{FAE04EC0-301F-11D3-BF4B-00C04F79EFBC}") = "EventsManager", "EventsManager.csproj", "{C9439238-68BA-467D-A8B0-28A71F806BA9}"
EndProject
Global
	GlobalSection(SolutionConfigurationPlatforms) = preSolution
		Debug|Any CPU = Debug|Any CPU
		Release|Any CPU = Release|Any CPU
	EndGlobalSection
	GlobalSection(ProjectConfigurationPlatforms) = postSolution
		{C9439238-68BA-467D-A8B0-28A71F806BA9}.Debug|Any CPU.ActiveCfg = Debug|Any CPU
		{C9439238-68BA-467D-A8B0-28A71F806BA9}.Debug|Any CPU.Build.0 = Debug|Any CPU
		{C9439238-68BA-467D-A8B0-28A71F806BA9}.Release|Any CPU.ActiveCfg = Release|Any CPU
		{C9439238-68BA-467D-A8B0-28A71F806BA9}.Release|Any CPU.Build.0 = Release|Any CPU
	EndGlobalSection
	GlobalSection(SolutionProperties) = preSolution
		HideSolutionNode = FALSE
	EndGlobalSection
	GlobalSection(ExtensibilityGlobals) = postSolution
		SolutionGuid = {12D3DBC3-8770-4564-8DBE-115F9E977773}
	EndGlobalSection
EndGlobal
